
Microsoft Visual Studio Solution File, Format Version 11.00
# Visual Studio 2010
Project("{FAE04EC0-301F-11D3-BF4B-00C04F79EFBC}") = "aplikasi-penyewaan-truk-desktop", "aplikasi-penyewaan-truk-desktop\aplikasi-penyewaan-truk-desktop.csproj", "{FCDFBE2F-D737-4515-BF97-272EECC6AF41}"
EndProject
Project("{FAE04EC0-301F-11D3-BF4B-00C04F79EFBC}") = "aplikasi-penyewaan-truk-domain", "aplikasi-penyewaan-truk-domain\aplikasi-penyewaan-truk-domain.csproj", "{9BBC7F92-B97F-44A7-A899-E1CDD9F49054}"
EndProject
Project("{FAE04EC0-301F-11D3-BF4B-00C04F79EFBC}") = "aplikasi-penyewaan-truk-dao", "aplikasi-penyewaan-truk-dao\aplikasi-penyewaan-truk-dao.csproj", "{A1FAD32A-9B52-4D9A-A988-D1A9B7C931E5}"
EndProject
Global
	GlobalSection(SolutionConfigurationPlatforms) = preSolution
		Debug|Any CPU = Debug|Any CPU
		Debug|Mixed Platforms = Debug|Mixed Platforms
		Debug|x86 = Debug|x86
		Release|Any CPU = Release|Any CPU
		Release|Mixed Platforms = Release|Mixed Platforms
		Release|x86 = Release|x86
	EndGlobalSection
	GlobalSection(ProjectConfigurationPlatforms) = postSolution
		{FCDFBE2F-D737-4515-BF97-272EECC6AF41}.Debug|Any CPU.ActiveCfg = Debug|x86
		{FCDFBE2F-D737-4515-BF97-272EECC6AF41}.Debug|Mixed Platforms.ActiveCfg = Debug|x86
		{FCDFBE2F-D737-4515-BF97-272EECC6AF41}.Debug|Mixed Platforms.Build.0 = Debug|x86
		{FCDFBE2F-D737-4515-BF97-272EECC6AF41}.Debug|x86.ActiveCfg = Debug|x86
		{FCDFBE2F-D737-4515-BF97-272EECC6AF41}.Debug|x86.Build.0 = Debug|x86
		{FCDFBE2F-D737-4515-BF97-272EECC6AF41}.Release|Any CPU.ActiveCfg = Release|x86
		{FCDFBE2F-D737-4515-BF97-272EECC6AF41}.Release|Mixed Platforms.ActiveCfg = Release|x86
		{FCDFBE2F-D737-4515-BF97-272EECC6AF41}.Release|Mixed Platforms.Build.0 = Release|x86
		{FCDFBE2F-D737-4515-BF97-272EECC6AF41}.Release|x86.ActiveCfg = Release|x86
		{FCDFBE2F-D737-4515-BF97-272EECC6AF41}.Release|x86.Build.0 = Release|x86
		{9BBC7F92-B97F-44A7-A899-E1CDD9F49054}.Debug|Any CPU.ActiveCfg = Debug|Any CPU
		{9BBC7F92-B97F-44A7-A899-E1CDD9F49054}.Debug|Any CPU.Build.0 = Debug|Any CPU
		{9BBC7F92-B97F-44A7-A899-E1CDD9F49054}.Debug|Mixed Platforms.ActiveCfg = Debug|Any CPU
		{9BBC7F92-B97F-44A7-A899-E1CDD9F49054}.Debug|Mixed Platforms.Build.0 = Debug|Any CPU
		{9BBC7F92-B97F-44A7-A899-E1CDD9F49054}.Debug|x86.ActiveCfg = Debug|Any CPU
		{9BBC7F92-B97F-44A7-A899-E1CDD9F49054}.Release|Any CPU.ActiveCfg = Release|Any CPU
		{9BBC7F92-B97F-44A7-A899-E1CDD9F49054}.Release|Any CPU.Build.0 = Release|Any CPU
		{9BBC7F92-B97F-44A7-A899-E1CDD9F49054}.Release|Mixed Platforms.ActiveCfg = Release|Any CPU
		{9BBC7F92-B97F-44A7-A899-E1CDD9F49054}.Release|Mixed Platforms.Build.0 = Release|Any CPU
		{9BBC7F92-B97F-44A7-A899-E1CDD9F49054}.Release|x86.ActiveCfg = Release|Any CPU
		{A1FAD32A-9B52-4D9A-A988-D1A9B7C931E5}.Debug|Any CPU.ActiveCfg = Debug|Any CPU
		{A1FAD32A-9B52-4D9A-A988-D1A9B7C931E5}.Debug|Any CPU.Build.0 = Debug|Any CPU
		{A1FAD32A-9B52-4D9A-A988-D1A9B7C931E5}.Debug|Mixed Platforms.ActiveCfg = Debug|Any CPU
		{A1FAD32A-9B52-4D9A-A988-D1A9B7C931E5}.Debug|Mixed Platforms.Build.0 = Debug|Any CPU
		{A1FAD32A-9B52-4D9A-A988-D1A9B7C931E5}.Debug|x86.ActiveCfg = Debug|Any CPU
		{A1FAD32A-9B52-4D9A-A988-D1A9B7C931E5}.Release|Any CPU.ActiveCfg = Release|Any CPU
		{A1FAD32A-9B52-4D9A-A988-D1A9B7C931E5}.Release|Any CPU.Build.0 = Release|Any CPU
		{A1FAD32A-9B52-4D9A-A988-D1A9B7C931E5}.Release|Mixed Platforms.ActiveCfg = Release|Any CPU
		{A1FAD32A-9B52-4D9A-A988-D1A9B7C931E5}.Release|Mixed Platforms.Build.0 = Release|Any CPU
		{A1FAD32A-9B52-4D9A-A988-D1A9B7C931E5}.Release|x86.ActiveCfg = Release|Any CPU
	EndGlobalSection
	GlobalSection(SolutionProperties) = preSolution
		HideSolutionNode = FALSE
	EndGlobalSection
EndGlobal
